
Microsoft Visual Studio Solution File, Format Version 12.00
# Visual Studio 15
VisualStudioVersion = 15.0.26124.0
MinimumVisualStudioVersion = 15.0.26124.0
Project("{2150E333-8FDC-42A3-9474-1A3956D46DE8}") = "Code", "Code", "{27A1645C-CC1C-435C-99A6-94004C580F66}"
EndProject
Project("{FAE04EC0-301F-11D3-BF4B-00C04F79EFBC}") = "netwithmongo.Api", "Code\netwithmongo.Api\netwithmongo.Api.csproj", "{16E487BB-51C7-4FC1-AE6C-6C3AA0F257C8}"
EndProject
Project("{FAE04EC0-301F-11D3-BF4B-00C04F79EFBC}") = "netwithmongo.BusinessEntities", "Code\netwithmongo.BusinessEntities\netwithmongo.BusinessEntities.csproj", "{46E53474-ABDD-45F0-A8D3-76E420CA012E}"
EndProject
Project("{FAE04EC0-301F-11D3-BF4B-00C04F79EFBC}") = "netwithmongo.BusinessServices", "Code\netwithmongo.BusinessServices\netwithmongo.BusinessServices.csproj", "{495197AE-58C0-48F5-944A-BC78645AEC5E}"
EndProject
Project("{FAE04EC0-301F-11D3-BF4B-00C04F79EFBC}") = "netwithmongo.Contracts", "Code\netwithmongo.Contracts\netwithmongo.Contracts.csproj", "{41CF6389-5CC5-464D-98C6-FF1845983E2A}"
EndProject
Project("{FAE04EC0-301F-11D3-BF4B-00C04F79EFBC}") = "netwithmongo.Data", "Code\netwithmongo.Data\netwithmongo.Data.csproj", "{B6E0B521-7C64-41C7-AD05-DDCC0F02A065}"
EndProject
Project("{FAE04EC0-301F-11D3-BF4B-00C04F79EFBC}") = "netwithmongo.Test.Api", "Code\netwithmongo.Test.Api\netwithmongo.Test.Api.csproj", "{269B6718-2B14-499C-9369-89219D66AEDB}"
EndProject
Project("{FAE04EC0-301F-11D3-BF4B-00C04F79EFBC}") = "netwithmongo.Test.Business", "Code\netwithmongo.Test.Business\netwithmongo.Test.Business.csproj", "{2FA6BB1F-CE20-4924-B13E-36CC0431953D}"
EndProject
Project("{FAE04EC0-301F-11D3-BF4B-00C04F79EFBC}") = "netwithmongo.Test.Framework", "Code\netwithmongo.Test.Framework\netwithmongo.Test.Framework.csproj", "{2CAB0028-D80D-44E4-87C5-7C0E2E8C4396}"
EndProject
Project("{2150E333-8FDC-42A3-9474-1A3956D46DE8}") = "Test", "Test", "{D9B595C7-19E4-4F89-A328-A1153098019A}"
EndProject
Global
	GlobalSection(SolutionConfigurationPlatforms) = preSolution
		Debug|Any CPU = Debug|Any CPU
		Debug|x64 = Debug|x64
		Debug|x86 = Debug|x86
		Release|Any CPU = Release|Any CPU
		Release|x64 = Release|x64
		Release|x86 = Release|x86
	EndGlobalSection
	GlobalSection(SolutionProperties) = preSolution
		HideSolutionNode = FALSE
	EndGlobalSection
	GlobalSection(ProjectConfigurationPlatforms) = postSolution
		{16E487BB-51C7-4FC1-AE6C-6C3AA0F257C8}.Debug|Any CPU.ActiveCfg = Debug|Any CPU
		{16E487BB-51C7-4FC1-AE6C-6C3AA0F257C8}.Debug|Any CPU.Build.0 = Debug|Any CPU
		{16E487BB-51C7-4FC1-AE6C-6C3AA0F257C8}.Debug|x64.ActiveCfg = Debug|Any CPU
		{16E487BB-51C7-4FC1-AE6C-6C3AA0F257C8}.Debug|x64.Build.0 = Debug|Any CPU
		{16E487BB-51C7-4FC1-AE6C-6C3AA0F257C8}.Debug|x86.ActiveCfg = Debug|Any CPU
		{16E487BB-51C7-4FC1-AE6C-6C3AA0F257C8}.Debug|x86.Build.0 = Debug|Any CPU
		{16E487BB-51C7-4FC1-AE6C-6C3AA0F257C8}.Release|Any CPU.ActiveCfg = Release|Any CPU
		{16E487BB-51C7-4FC1-AE6C-6C3AA0F257C8}.Release|Any CPU.Build.0 = Release|Any CPU
		{16E487BB-51C7-4FC1-AE6C-6C3AA0F257C8}.Release|x64.ActiveCfg = Release|Any CPU
		{16E487BB-51C7-4FC1-AE6C-6C3AA0F257C8}.Release|x64.Build.0 = Release|Any CPU
		{16E487BB-51C7-4FC1-AE6C-6C3AA0F257C8}.Release|x86.ActiveCfg = Release|Any CPU
		{16E487BB-51C7-4FC1-AE6C-6C3AA0F257C8}.Release|x86.Build.0 = Release|Any CPU
		{46E53474-ABDD-45F0-A8D3-76E420CA012E}.Debug|Any CPU.ActiveCfg = Debug|Any CPU
		{46E53474-ABDD-45F0-A8D3-76E420CA012E}.Debug|Any CPU.Build.0 = Debug|Any CPU
		{46E53474-ABDD-45F0-A8D3-76E420CA012E}.Debug|x64.ActiveCfg = Debug|Any CPU
		{46E53474-ABDD-45F0-A8D3-76E420CA012E}.Debug|x64.Build.0 = Debug|Any CPU
		{46E53474-ABDD-45F0-A8D3-76E420CA012E}.Debug|x86.ActiveCfg = Debug|Any CPU
		{46E53474-ABDD-45F0-A8D3-76E420CA012E}.Debug|x86.Build.0 = Debug|Any CPU
		{46E53474-ABDD-45F0-A8D3-76E420CA012E}.Release|Any CPU.ActiveCfg = Release|Any CPU
		{46E53474-ABDD-45F0-A8D3-76E420CA012E}.Release|Any CPU.Build.0 = Release|Any CPU
		{46E53474-ABDD-45F0-A8D3-76E420CA012E}.Release|x64.ActiveCfg = Release|Any CPU
		{46E53474-ABDD-45F0-A8D3-76E420CA012E}.Release|x64.Build.0 = Release|Any CPU
		{46E53474-ABDD-45F0-A8D3-76E420CA012E}.Release|x86.ActiveCfg = Release|Any CPU
		{46E53474-ABDD-45F0-A8D3-76E420CA012E}.Release|x86.Build.0 = Release|Any CPU
		{495197AE-58C0-48F5-944A-BC78645AEC5E}.Debug|Any CPU.ActiveCfg = Debug|Any CPU
		{495197AE-58C0-48F5-944A-BC78645AEC5E}.Debug|Any CPU.Build.0 = Debug|Any CPU
		{495197AE-58C0-48F5-944A-BC78645AEC5E}.Debug|x64.ActiveCfg = Debug|Any CPU
		{495197AE-58C0-48F5-944A-BC78645AEC5E}.Debug|x64.Build.0 = Debug|Any CPU
		{495197AE-58C0-48F5-944A-BC78645AEC5E}.Debug|x86.ActiveCfg = Debug|Any CPU
		{495197AE-58C0-48F5-944A-BC78645AEC5E}.Debug|x86.Build.0 = Debug|Any CPU
		{495197AE-58C0-48F5-944A-BC78645AEC5E}.Release|Any CPU.ActiveCfg = Release|Any CPU
		{495197AE-58C0-48F5-944A-BC78645AEC5E}.Release|Any CPU.Build.0 = Release|Any CPU
		{495197AE-58C0-48F5-944A-BC78645AEC5E}.Release|x64.ActiveCfg = Release|Any CPU
		{495197AE-58C0-48F5-944A-BC78645AEC5E}.Release|x64.Build.0 = Release|Any CPU
		{495197AE-58C0-48F5-944A-BC78645AEC5E}.Release|x86.ActiveCfg = Release|Any CPU
		{495197AE-58C0-48F5-944A-BC78645AEC5E}.Release|x86.Build.0 = Release|Any CPU
		{41CF6389-5CC5-464D-98C6-FF1845983E2A}.Debug|Any CPU.ActiveCfg = Debug|Any CPU
		{41CF6389-5CC5-464D-98C6-FF1845983E2A}.Debug|Any CPU.Build.0 = Debug|Any CPU
		{41CF6389-5CC5-464D-98C6-FF1845983E2A}.Debug|x64.ActiveCfg = Debug|Any CPU
		{41CF6389-5CC5-464D-98C6-FF1845983E2A}.Debug|x64.Build.0 = Debug|Any CPU
		{41CF6389-5CC5-464D-98C6-FF1845983E2A}.Debug|x86.ActiveCfg = Debug|Any CPU
		{41CF6389-5CC5-464D-98C6-FF1845983E2A}.Debug|x86.Build.0 = Debug|Any CPU
		{41CF6389-5CC5-464D-98C6-FF1845983E2A}.Release|Any CPU.ActiveCfg = Release|Any CPU
		{41CF6389-5CC5-464D-98C6-FF1845983E2A}.Release|Any CPU.Build.0 = Release|Any CPU
		{41CF6389-5CC5-464D-98C6-FF1845983E2A}.Release|x64.ActiveCfg = Release|Any CPU
		{41CF6389-5CC5-464D-98C6-FF1845983E2A}.Release|x64.Build.0 = Release|Any CPU
		{41CF6389-5CC5-464D-98C6-FF1845983E2A}.Release|x86.ActiveCfg = Release|Any CPU
		{41CF6389-5CC5-464D-98C6-FF1845983E2A}.Release|x86.Build.0 = Release|Any CPU
		{B6E0B521-7C64-41C7-AD05-DDCC0F02A065}.Debug|Any CPU.ActiveCfg = Debug|Any CPU
		{B6E0B521-7C64-41C7-AD05-DDCC0F02A065}.Debug|Any CPU.Build.0 = Debug|Any CPU
		{B6E0B521-7C64-41C7-AD05-DDCC0F02A065}.Debug|x64.ActiveCfg = Debug|Any CPU
		{B6E0B521-7C64-41C7-AD05-DDCC0F02A065}.Debug|x64.Build.0 = Debug|Any CPU
		{B6E0B521-7C64-41C7-AD05-DDCC0F02A065}.Debug|x86.ActiveCfg = Debug|Any CPU
		{B6E0B521-7C64-41C7-AD05-DDCC0F02A065}.Debug|x86.Build.0 = Debug|Any CPU
		{B6E0B521-7C64-41C7-AD05-DDCC0F02A065}.Release|Any CPU.ActiveCfg = Release|Any CPU
		{B6E0B521-7C64-41C7-AD05-DDCC0F02A065}.Release|Any CPU.Build.0 = Release|Any CPU
		{B6E0B521-7C64-41C7-AD05-DDCC0F02A065}.Release|x64.ActiveCfg = Release|Any CPU
		{B6E0B521-7C64-41C7-AD05-DDCC0F02A065}.Release|x64.Build.0 = Release|Any CPU
		{B6E0B521-7C64-41C7-AD05-DDCC0F02A065}.Release|x86.ActiveCfg = Release|Any CPU
		{B6E0B521-7C64-41C7-AD05-DDCC0F02A065}.Release|x86.Build.0 = Release|Any CPU
		{269B6718-2B14-499C-9369-89219D66AEDB}.Debug|Any CPU.ActiveCfg = Debug|Any CPU
		{269B6718-2B14-499C-9369-89219D66AEDB}.Debug|Any CPU.Build.0 = Debug|Any CPU
		{269B6718-2B14-499C-9369-89219D66AEDB}.Debug|x64.ActiveCfg = Debug|Any CPU
		{269B6718-2B14-499C-9369-89219D66AEDB}.Debug|x64.Build.0 = Debug|Any CPU
		{269B6718-2B14-499C-9369-89219D66AEDB}.Debug|x86.ActiveCfg = Debug|Any CPU
		{269B6718-2B14-499C-9369-89219D66AEDB}.Debug|x86.Build.0 = Debug|Any CPU
		{269B6718-2B14-499C-9369-89219D66AEDB}.Release|Any CPU.ActiveCfg = Release|Any CPU
		{269B6718-2B14-499C-9369-89219D66AEDB}.Release|Any CPU.Build.0 = Release|Any CPU
		{269B6718-2B14-499C-9369-89219D66AEDB}.Release|x64.ActiveCfg = Release|Any CPU
		{269B6718-2B14-499C-9369-89219D66AEDB}.Release|x64.Build.0 = Release|Any CPU
		{269B6718-2B14-499C-9369-89219D66AEDB}.Release|x86.ActiveCfg = Release|Any CPU
		{269B6718-2B14-499C-9369-89219D66AEDB}.Release|x86.Build.0 = Release|Any CPU
		{2FA6BB1F-CE20-4924-B13E-36CC0431953D}.Debug|Any CPU.ActiveCfg = Debug|Any CPU
		{2FA6BB1F-CE20-4924-B13E-36CC0431953D}.Debug|Any CPU.Build.0 = Debug|Any CPU
		{2FA6BB1F-CE20-4924-B13E-36CC0431953D}.Debug|x64.ActiveCfg = Debug|Any CPU
		{2FA6BB1F-CE20-4924-B13E-36CC0431953D}.Debug|x64.Build.0 = Debug|Any CPU
		{2FA6BB1F-CE20-4924-B13E-36CC0431953D}.Debug|x86.ActiveCfg = Debug|Any CPU
		{2FA6BB1F-CE20-4924-B13E-36CC0431953D}.Debug|x86.Build.0 = Debug|Any CPU
		{2FA6BB1F-CE20-4924-B13E-36CC0431953D}.Release|Any CPU.ActiveCfg = Release|Any CPU
		{2FA6BB1F-CE20-4924-B13E-36CC0431953D}.Release|Any CPU.Build.0 = Release|Any CPU
		{2FA6BB1F-CE20-4924-B13E-36CC0431953D}.Release|x64.ActiveCfg = Release|Any CPU
		{2FA6BB1F-CE20-4924-B13E-36CC0431953D}.Release|x64.Build.0 = Release|Any CPU
		{2FA6BB1F-CE20-4924-B13E-36CC0431953D}.Release|x86.ActiveCfg = Release|Any CPU
		{2FA6BB1F-CE20-4924-B13E-36CC0431953D}.Release|x86.Build.0 = Release|Any CPU
		{2CAB0028-D80D-44E4-87C5-7C0E2E8C4396}.Debug|Any CPU.ActiveCfg = Debug|Any CPU
		{2CAB0028-D80D-44E4-87C5-7C0E2E8C4396}.Debug|Any CPU.Build.0 = Debug|Any CPU
		{2CAB0028-D80D-44E4-87C5-7C0E2E8C4396}.Debug|x64.ActiveCfg = Debug|Any CPU
		{2CAB0028-D80D-44E4-87C5-7C0E2E8C4396}.Debug|x64.Build.0 = Debug|Any CPU
		{2CAB0028-D80D-44E4-87C5-7C0E2E8C4396}.Debug|x86.ActiveCfg = Debug|Any CPU
		{2CAB0028-D80D-44E4-87C5-7C0E2E8C4396}.Debug|x86.Build.0 = Debug|Any CPU
		{2CAB0028-D80D-44E4-87C5-7C0E2E8C4396}.Release|Any CPU.ActiveCfg = Release|Any CPU
		{2CAB0028-D80D-44E4-87C5-7C0E2E8C4396}.Release|Any CPU.Build.0 = Release|Any CPU
		{2CAB0028-D80D-44E4-87C5-7C0E2E8C4396}.Release|x64.ActiveCfg = Release|Any CPU
		{2CAB0028-D80D-44E4-87C5-7C0E2E8C4396}.Release|x64.Build.0 = Release|Any CPU
		{2CAB0028-D80D-44E4-87C5-7C0E2E8C4396}.Release|x86.ActiveCfg = Release|Any CPU
		{2CAB0028-D80D-44E4-87C5-7C0E2E8C4396}.Release|x86.Build.0 = Release|Any CPU
	EndGlobalSection
	GlobalSection(NestedProjects) = preSolution
		{16E487BB-51C7-4FC1-AE6C-6C3AA0F257C8} = {27A1645C-CC1C-435C-99A6-94004C580F66}
		{46E53474-ABDD-45F0-A8D3-76E420CA012E} = {27A1645C-CC1C-435C-99A6-94004C580F66}
		{495197AE-58C0-48F5-944A-BC78645AEC5E} = {27A1645C-CC1C-435C-99A6-94004C580F66}
		{41CF6389-5CC5-464D-98C6-FF1845983E2A} = {27A1645C-CC1C-435C-99A6-94004C580F66}
		{B6E0B521-7C64-41C7-AD05-DDCC0F02A065} = {27A1645C-CC1C-435C-99A6-94004C580F66}
		{269B6718-2B14-499C-9369-89219D66AEDB} = {D9B595C7-19E4-4F89-A328-A1153098019A}
		{2FA6BB1F-CE20-4924-B13E-36CC0431953D} = {D9B595C7-19E4-4F89-A328-A1153098019A}
		{2CAB0028-D80D-44E4-87C5-7C0E2E8C4396} = {D9B595C7-19E4-4F89-A328-A1153098019A}
	EndGlobalSection
EndGlobal
